{
  "name": "env-safe-check-smoke-app",
  "lockfileVersion": 3,
  "requires": true,
  "packages": {
    "": {
      "name": "env-safe-check-smoke-app"
    },
    "../..": {
      "version": "1.2.1",
      "extraneous": true,
      "license": "ISC",
      "bin": {
        "env-safe-check": "dist/bin.js"
      },
      "devDependencies": {
        "@commitlint/config-conventional": "^20.4.1",
        "@semantic-release/github": "^12.0.6",
        "@semantic-release/npm": "^13.1.4",
        "@types/jest": "^30.0.0",
        "@types/node": "^20.6.5",
        "commitizen": "^4.3.1",
        "commitlint": "^20.4.1",
        "cz-conventional-changelog": "^3.3.0",
        "husky": "^9.1.7",
        "jest": "^30.2.0",
        "semantic-release": "^25.0.3",
        "ts-jest": "^29.4.6",
        "tsup": "^6.6.0",
        "typescript": "^5.9.3"
      },
      "engines": {
        "node": ">=20"
      }
    }
  }
}
